// !$*UTF8*$!
{
	archiveVersion = 1;
	classes = {
	};
	objectVersion = 50;
	objects = {

/* Begin PBXBuildFile section */
		CE38C20221BC76300039A3C0 /* FixDTPFeaturesViewController.swift in Sources */ = {isa = PBXBuildFile; fileRef = CE38C20121BC76300039A3C0 /* FixDTPFeaturesViewController.swift */; };
		CE38C20421BC78120039A3C0 /* GoHospitalViewController.swift in Sources */ = {isa = PBXBuildFile; fileRef = CE38C20321BC78120039A3C0 /* GoHospitalViewController.swift */; };
		CE38C20621BC7B750039A3C0 /* CheckAgreeWithoutGAEViewController.swift in Sources */ = {isa = PBXBuildFile; fileRef = CE38C20521BC7B750039A3C0 /* CheckAgreeWithoutGAEViewController.swift */; };
		CE38C20821BC91AB0039A3C0 /* CallGAEViewController.swift in Sources */ = {isa = PBXBuildFile; fileRef = CE38C20721BC91AB0039A3C0 /* CallGAEViewController.swift */; };
		CE38C20A21BC9A2F0039A3C0 /* MakeDTPNoticeViewController.swift in Sources */ = {isa = PBXBuildFile; fileRef = CE38C20921BC9A2F0039A3C0 /* MakeDTPNoticeViewController.swift */; };
		CE4404CE21BC385900FE1DAC /* WhatHappenViewController.swift in Sources */ = {isa = PBXBuildFile; fileRef = CE4404CD21BC385900FE1DAC /* WhatHappenViewController.swift */; };
		CE4404D121BC3FE300FE1DAC /* WhatToDoOrNotViewController.swift in Sources */ = {isa = PBXBuildFile; fileRef = CE4404D021BC3FE300FE1DAC /* WhatToDoOrNotViewController.swift */; };
		CE4404D321BC44C700FE1DAC /* InjuredPeopleViewController.swift in Sources */ = {isa = PBXBuildFile; fileRef = CE4404D221BC44C700FE1DAC /* InjuredPeopleViewController.swift */; };
		CE4404D521BC46FF00FE1DAC /* YesInjuredPeopleViewController.swift in Sources */ = {isa = PBXBuildFile; fileRef = CE4404D421BC46FF00FE1DAC /* YesInjuredPeopleViewController.swift */; };
		CEEEE93E21BBBFF00063EA48 /* AppDelegate.swift in Sources */ = {isa = PBXBuildFile; fileRef = CEEEE93D21BBBFF00063EA48 /* AppDelegate.swift */; };
		CEEEE94021BBBFF00063EA48 /* StartViewController.swift in Sources */ = {isa = PBXBuildFile; fileRef = CEEEE93F21BBBFF00063EA48 /* StartViewController.swift */; };
		CEEEE94321BBBFF00063EA48 /* Main.storyboard in Resources */ = {isa = PBXBuildFile; fileRef = CEEEE94121BBBFF00063EA48 /* Main.storyboard */; };
		CEEEE94521BBBFF10063EA48 /* Assets.xcassets in Resources */ = {isa = PBXBuildFile; fileRef = CEEEE94421BBBFF10063EA48 /* Assets.xcassets */; };
		CEEEE94821BBBFF10063EA48 /* LaunchScreen.storyboard in Resources */ = {isa = PBXBuildFile; fileRef = CEEEE94621BBBFF10063EA48 /* LaunchScreen.storyboard */; };
/* End PBXBuildFile section */

/* Begin PBXFileReference section */
		CE38C20121BC76300039A3C0 /* FixDTPFeaturesViewController.swift */ = {isa = PBXFileReference; lastKnownFileType = sourcecode.swift; path = FixDTPFeaturesViewController.swift; sourceTree = "<group>"; };
		CE38C20321BC78120039A3C0 /* GoHospitalViewController.swift */ = {isa = PBXFileReference; lastKnownFileType = sourcecode.swift; path = GoHospitalViewController.swift; sourceTree = "<group>"; };
		CE38C20521BC7B750039A3C0 /* CheckAgreeWithoutGAEViewController.swift */ = {isa = PBXFileReference; lastKnownFileType = sourcecode.swift; path = CheckAgreeWithoutGAEViewController.swift; sourceTree = "<group>"; };
		CE38C20721BC91AB0039A3C0 /* CallGAEViewController.swift */ = {isa = PBXFileReference; lastKnownFileType = sourcecode.swift; path = CallGAEViewController.swift; sourceTree = "<group>"; };
		CE38C20921BC9A2F0039A3C0 /* MakeDTPNoticeViewController.swift */ = {isa = PBXFileReference; lastKnownFileType = sourcecode.swift; path = MakeDTPNoticeViewController.swift; sourceTree = "<group>"; };
		CE4404CD21BC385900FE1DAC /* WhatHappenViewController.swift */ = {isa = PBXFileReference; lastKnownFileType = sourcecode.swift; path = WhatHappenViewController.swift; sourceTree = "<group>"; };
		CE4404D021BC3FE300FE1DAC /* WhatToDoOrNotViewController.swift */ = {isa = PBXFileReference; lastKnownFileType = sourcecode.swift; path = WhatToDoOrNotViewController.swift; sourceTree = "<group>"; };
		CE4404D221BC44C700FE1DAC /* InjuredPeopleViewController.swift */ = {isa = PBXFileReference; lastKnownFileType = sourcecode.swift; path = InjuredPeopleViewController.swift; sourceTree = "<group>"; };
		CE4404D421BC46FF00FE1DAC /* YesInjuredPeopleViewController.swift */ = {isa = PBXFileReference; lastKnownFileType = sourcecode.swift; path = YesInjuredPeopleViewController.swift; sourceTree = "<group>"; };
		CEEEE93A21BBBFF00063EA48 /* PopuLaw.app */ = {isa = PBXFileReference; explicitFileType = wrapper.application; includeInIndex = 0; path = PopuLaw.app; sourceTree = BUILT_PRODUCTS_DIR; };
		CEEEE93D21BBBFF00063EA48 /* AppDelegate.swift */ = {isa = PBXFileReference; lastKnownFileType = sourcecode.swift; path = AppDelegate.swift; sourceTree = "<group>"; };
		CEEEE93F21BBBFF00063EA48 /* StartViewController.swift */ = {isa = PBXFileReference; lastKnownFileType = sourcecode.swift; path = StartViewController.swift; sourceTree = "<group>"; };
		CEEEE94221BBBFF00063EA48 /* Base */ = {isa = PBXFileReference; lastKnownFileType = file.storyboard; name = Base; path = Base.lproj/Main.storyboard; sourceTree = "<group>"; };
		CEEEE94421BBBFF10063EA48 /* Assets.xcassets */ = {isa = PBXFileReference; lastKnownFileType = folder.assetcatalog; path = Assets.xcassets; sourceTree = "<group>"; };
		CEEEE94721BBBFF10063EA48 /* Base */ = {isa = PBXFileReference; lastKnownFileType = file.storyboard; name = Base; path = Base.lproj/LaunchScreen.storyboard; sourceTree = "<group>"; };
		CEEEE94921BBBFF10063EA48 /* Info.plist */ = {isa = PBXFileReference; lastKnownFileType = text.plist.xml; path = Info.plist; sourceTree = "<group>"; };
/* End PBXFileReference section */

/* Begin PBXFrameworksBuildPhase section */
		CEEEE93721BBBFF00063EA48 /* Frameworks */ = {
			isa = PBXFrameworksBuildPhase;
			buildActionMask = 2147483647;
			files = (
			);
			runOnlyForDeploymentPostprocessing = 0;
		};
/* End PBXFrameworksBuildPhase section */

/* Begin PBXGroup section */
		CE4404CF21BC385F00FE1DAC /* Controllers */ = {
			isa = PBXGroup;
			children = (
				CEEEE93F21BBBFF00063EA48 /* StartViewController.swift */,
				CE4404CD21BC385900FE1DAC /* WhatHappenViewController.swift */,
				CE4404D021BC3FE300FE1DAC /* WhatToDoOrNotViewController.swift */,
				CE4404D221BC44C700FE1DAC /* InjuredPeopleViewController.swift */,
				CE4404D421BC46FF00FE1DAC /* YesInjuredPeopleViewController.swift */,
				CE38C20121BC76300039A3C0 /* FixDTPFeaturesViewController.swift */,
				CE38C20321BC78120039A3C0 /* GoHospitalViewController.swift */,
				CE38C20521BC7B750039A3C0 /* CheckAgreeWithoutGAEViewController.swift */,
				CE38C20721BC91AB0039A3C0 /* CallGAEViewController.swift */,
				CE38C20921BC9A2F0039A3C0 /* MakeDTPNoticeViewController.swift */,
			);
			path = Controllers;
			sourceTree = "<group>";
		};
		CEEEE93121BBBFF00063EA48 = {
			isa = PBXGroup;
			children = (
				CEEEE93C21BBBFF00063EA48 /* PopuLaw */,
				CEEEE93B21BBBFF00063EA48 /* Products */,
			);
			sourceTree = "<group>";
		};
		CEEEE93B21BBBFF00063EA48 /* Products */ = {
			isa = PBXGroup;
			children = (
				CEEEE93A21BBBFF00063EA48 /* PopuLaw.app */,
			);
			name = Products;
			sourceTree = "<group>";
		};
		CEEEE93C21BBBFF00063EA48 /* PopuLaw */ = {
			isa = PBXGroup;
			children = (
				CE4404CF21BC385F00FE1DAC /* Controllers */,
				CEEEE93D21BBBFF00063EA48 /* AppDelegate.swift */,
				CEEEE94121BBBFF00063EA48 /* Main.storyboard */,
				CEEEE94421BBBFF10063EA48 /* Assets.xcassets */,
				CEEEE94621BBBFF10063EA48 /* LaunchScreen.storyboard */,
				CEEEE94921BBBFF10063EA48 /* Info.plist */,
			);
			path = PopuLaw;
			sourceTree = "<group>";
		};
/* End PBXGroup section */

/* Begin PBXNativeTarget section */
		CEEEE93921BBBFF00063EA48 /* PopuLaw */ = {
			isa = PBXNativeTarget;
			buildConfigurationList = CEEEE94C21BBBFF10063EA48 /* Build configuration list for PBXNativeTarget "PopuLaw" */;
			buildPhases = (
				CEEEE93621BBBFF00063EA48 /* Sources */,
				CEEEE93721BBBFF00063EA48 /* Frameworks */,
				CEEEE93821BBBFF00063EA48 /* Resources */,
			);
			buildRules = (
			);
			dependencies = (
			);
			name = PopuLaw;
			productName = PopuLaw;
			productReference = CEEEE93A21BBBFF00063EA48 /* PopuLaw.app */;
			productType = "com.apple.product-type.application";
		};
/* End PBXNativeTarget section */

/* Begin PBXProject section */
		CEEEE93221BBBFF00063EA48 /* Project object */ = {
			isa = PBXProject;
			attributes = {
				LastSwiftUpdateCheck = 1010;
				LastUpgradeCheck = 1010;
				ORGANIZATIONNAME = user;
				TargetAttributes = {
					CEEEE93921BBBFF00063EA48 = {
						CreatedOnToolsVersion = 10.1;
					};
				};
			};
			buildConfigurationList = CEEEE93521BBBFF00063EA48 /* Build configuration list for PBXProject "PopuLaw" */;
			compatibilityVersion = "Xcode 9.3";
			developmentRegion = en;
			hasScannedForEncodings = 0;
			knownRegions = (
				en,
				Base,
			);
			mainGroup = CEEEE93121BBBFF00063EA48;
			productRefGroup = CEEEE93B21BBBFF00063EA48 /* Products */;
			projectDirPath = "";
			projectRoot = "";
			targets = (
				CEEEE93921BBBFF00063EA48 /* PopuLaw */,
			);
		};
/* End PBXProject section */

/* Begin PBXResourcesBuildPhase section */
		CEEEE93821BBBFF00063EA48 /* Resources */ = {
			isa = PBXResourcesBuildPhase;
			buildActionMask = 2147483647;
			files = (
				CEEEE94821BBBFF10063EA48 /* LaunchScreen.storyboard in Resources */,
				CEEEE94521BBBFF10063EA48 /* Assets.xcassets in Resources */,
				CEEEE94321BBBFF00063EA48 /* Main.storyboard in Resources */,
			);
			runOnlyForDeploymentPostprocessing = 0;
		};
/* End PBXResourcesBuildPhase section */

/* Begin PBXSourcesBuildPhase section */
		CEEEE93621BBBFF00063EA48 /* Sources */ = {
			isa = PBXSourcesBuildPhase;
			buildActionMask = 2147483647;
			files = (
				CE38C20A21BC9A2F0039A3C0 /* MakeDTPNoticeViewController.swift in Sources */,
				CEEEE94021BBBFF00063EA48 /* StartViewController.swift in Sources */,
				CE4404D121BC3FE300FE1DAC /* WhatToDoOrNotViewController.swift in Sources */,
				CE38C20421BC78120039A3C0 /* GoHospitalViewController.swift in Sources */,
				CE38C20221BC76300039A3C0 /* FixDTPFeaturesViewController.swift in Sources */,
				CEEEE93E21BBBFF00063EA48 /* AppDelegate.swift in Sources */,
				CE4404CE21BC385900FE1DAC /* WhatHappenViewController.swift in Sources */,
				CE38C20621BC7B750039A3C0 /* CheckAgreeWithoutGAEViewController.swift in Sources */,
				CE4404D321BC44C700FE1DAC /* InjuredPeopleViewController.swift in Sources */,
				CE38C20821BC91AB0039A3C0 /* CallGAEViewController.swift in Sources */,
				CE4404D521BC46FF00FE1DAC /* YesInjuredPeopleViewController.swift in Sources */,
			);
			runOnlyForDeploymentPostprocessing = 0;
		};
/* End PBXSourcesBuildPhase section */

/* Begin PBXVariantGroup section */
		CEEEE94121BBBFF00063EA48 /* Main.storyboard */ = {
			isa = PBXVariantGroup;
			children = (
				CEEEE94221BBBFF00063EA48 /* Base */,
			);
			name = Main.storyboard;
			sourceTree = "<group>";
		};
		CEEEE94621BBBFF10063EA48 /* LaunchScreen.storyboard */ = {
			isa = PBXVariantGroup;
			children = (
				CEEEE94721BBBFF10063EA48 /* Base */,
			);
			name = LaunchScreen.storyboard;
			sourceTree = "<group>";
		};
/* End PBXVariantGroup section */

/* Begin XCBuildConfiguration section */
		CEEEE94A21BBBFF10063EA48 /* Debug */ = {
			isa = XCBuildConfiguration;
			buildSettings = {
				ALWAYS_SEARCH_USER_PATHS = NO;
				CLANG_ANALYZER_NONNULL = YES;
				CLANG_ANALYZER_NUMBER_OBJECT_CONVERSION = YES_AGGRESSIVE;
				CLANG_CXX_LANGUAGE_STANDARD = "gnu++14";
				CLANG_CXX_LIBRARY = "libc++";
				CLANG_ENABLE_MODULES = YES;
				CLANG_ENABLE_OBJC_ARC = YES;
				CLANG_ENABLE_OBJC_WEAK = YES;
				CLANG_WARN_BLOCK_CAPTURE_AUTORELEASING = YES;
				CLANG_WARN_BOOL_CONVERSION = YES;
				CLANG_WARN_COMMA = YES;
				CLANG_WARN_CONSTANT_CONVERSION = YES;
				CLANG_WARN_DEPRECATED_OBJC_IMPLEMENTATIONS = YES;
				CLANG_WARN_DIRECT_OBJC_ISA_USAGE = YES_ERROR;
				CLANG_WARN_DOCUMENTATION_COMMENTS = YES;
				CLANG_WARN_EMPTY_BODY = YES;
				CLANG_WARN_ENUM_CONVERSION = YES;
				CLANG_WARN_INFINITE_RECURSION = YES;
				CLANG_WARN_INT_CONVERSION = YES;
				CLANG_WARN_NON_LITERAL_NULL_CONVERSION = YES;
				CLANG_WARN_OBJC_IMPLICIT_RETAIN_SELF = YES;
				CLANG_WARN_OBJC_LITERAL_CONVERSION = YES;
				CLANG_WARN_OBJC_ROOT_CLASS = YES_ERROR;
				CLANG_WARN_RANGE_LOOP_ANALYSIS = YES;
				CLANG_WARN_STRICT_PROTOTYPES = YES;
				CLANG_WARN_SUSPICIOUS_MOVE = YES;
				CLANG_WARN_UNGUARDED_AVAILABILITY = YES_AGGRESSIVE;
				CLANG_WARN_UNREACHABLE_CODE = YES;
				CLANG_WARN__DUPLICATE_METHOD_MATCH = YES;
				CODE_SIGN_IDENTITY = "iPhone Developer";
				COPY_PHASE_STRIP = NO;
				DEBUG_INFORMATION_FORMAT = dwarf;
				ENABLE_STRICT_OBJC_MSGSEND = YES;
				ENABLE_TESTABILITY = YES;
				GCC_C_LANGUAGE_STANDARD = gnu11;
				GCC_DYNAMIC_NO_PIC = NO;
				GCC_NO_COMMON_BLOCKS = YES;
				GCC_OPTIMIZATION_LEVEL = 0;
				GCC_PREPROCESSOR_DEFINITIONS = (
					"DEBUG=1",
					"$(inherited)",
				);
				GCC_WARN_64_TO_32_BIT_CONVERSION = YES;
				GCC_WARN_ABOUT_RETURN_TYPE = YES_ERROR;
				GCC_WARN_UNDECLARED_SELECTOR = YES;
				GCC_WARN_UNINITIALIZED_AUTOS = YES_AGGRESSIVE;
				GCC_WARN_UNUSED_FUNCTION = YES;
				GCC_WARN_UNUSED_VARIABLE = YES;
				IPHONEOS_DEPLOYMENT_TARGET = 12.1;
				MTL_ENABLE_DEBUG_INFO = INCLUDE_SOURCE;
				MTL_FAST_MATH = YES;
				ONLY_ACTIVE_ARCH = YES;
				SDKROOT = iphoneos;
				SWIFT_ACTIVE_COMPILATION_CONDITIONS = DEBUG;
				SWIFT_OPTIMIZATION_LEVEL = "-Onone";
			};
			name = Debug;
		};
		CEEEE94B21BBBFF10063EA48 /* Release */ = {
			isa = XCBuildConfiguration;
			buildSettings = {
				ALWAYS_SEARCH_USER_PATHS = NO;
				CLANG_ANALYZER_NONNULL = YES;
				CLANG_ANALYZER_NUMBER_OBJECT_CONVERSION = YES_AGGRESSIVE;
				CLANG_CXX_LANGUAGE_STANDARD = "gnu++14";
				CLANG_CXX_LIBRARY = "libc++";
				CLANG_ENABLE_MODULES = YES;
				CLANG_ENABLE_OBJC_ARC = YES;
				CLANG_ENABLE_OBJC_WEAK = YES;
				CLANG_WARN_BLOCK_CAPTURE_AUTORELEASING = YES;
				CLANG_WARN_BOOL_CONVERSION = YES;
				CLANG_WARN_COMMA = YES;
				CLANG_WARN_CONSTANT_CONVERSION = YES;
				CLANG_WARN_DEPRECATED_OBJC_IMPLEMENTATIONS = YES;
				CLANG_WARN_DIRECT_OBJC_ISA_USAGE = YES_ERROR;
				CLANG_WARN_DOCUMENTATION_COMMENTS = YES;
				CLANG_WARN_EMPTY_BODY = YES;
				CLANG_WARN_ENUM_CONVERSION = YES;
				CLANG_WARN_INFINITE_RECURSION = YES;
				CLANG_WARN_INT_CONVERSION = YES;
				CLANG_WARN_NON_LITERAL_NULL_CONVERSION = YES;
				CLANG_WARN_OBJC_IMPLICIT_RETAIN_SELF = YES;
				CLANG_WARN_OBJC_LITERAL_CONVERSION = YES;
				CLANG_WARN_OBJC_ROOT_CLASS = YES_ERROR;
				CLANG_WARN_RANGE_LOOP_ANALYSIS = YES;
				CLANG_WARN_STRICT_PROTOTYPES = YES;
				CLANG_WARN_SUSPICIOUS_MOVE = YES;
				CLANG_WARN_UNGUARDED_AVAILABILITY = YES_AGGRESSIVE;
				CLANG_WARN_UNREACHABLE_CODE = YES;
				CLANG_WARN__DUPLICATE_METHOD_MATCH = YES;
				CODE_SIGN_IDENTITY = "iPhone Developer";
				COPY_PHASE_STRIP = NO;
				DEBUG_INFORMATION_FORMAT = "dwarf-with-dsym";
				ENABLE_NS_ASSERTIONS = NO;
				ENABLE_STRICT_OBJC_MSGSEND = YES;
				GCC_C_LANGUAGE_STANDARD = gnu11;
				GCC_NO_COMMON_BLOCKS = YES;
				GCC_WARN_64_TO_32_BIT_CONVERSION = YES;
				GCC_WARN_ABOUT_RETURN_TYPE = YES_ERROR;
				GCC_WARN_UNDECLARED_SELECTOR = YES;
				GCC_WARN_UNINITIALIZED_AUTOS = YES_AGGRESSIVE;
				GCC_WARN_UNUSED_FUNCTION = YES;
				GCC_WARN_UNUSED_VARIABLE = YES;
				IPHONEOS_DEPLOYMENT_TARGET = 12.1;
				MTL_ENABLE_DEBUG_INFO = NO;
				MTL_FAST_MATH = YES;
				SDKROOT = iphoneos;
				SWIFT_COMPILATION_MODE = wholemodule;
				SWIFT_OPTIMIZATION_LEVEL = "-O";
				VALIDATE_PRODUCT = YES;
			};
			name = Release;
		};
		CEEEE94D21BBBFF10063EA48 /* Debug */ = {
			isa = XCBuildConfiguration;
			buildSettings = {
				ASSETCATALOG_COMPILER_APPICON_NAME = AppIcon;
				CODE_SIGN_STYLE = Automatic;
				DEVELOPMENT_TEAM = NYJEFU8C25;
				INFOPLIST_FILE = PopuLaw/Info.plist;
				LD_RUNPATH_SEARCH_PATHS = (
					"$(inherited)",
					"@executable_path/Frameworks",
				);
				PRODUCT_BUNDLE_IDENTIFIER = com.darkwind.PopuLaw;
				PRODUCT_NAME = "$(TARGET_NAME)";
				SWIFT_VERSION = 4.2;
				TARGETED_DEVICE_FAMILY = "1,2";
			};
			name = Debug;
		};
		CEEEE94E21BBBFF10063EA48 /* Release */ = {
			isa = XCBuildConfiguration;
			buildSettings = {
				ASSETCATALOG_COMPILER_APPICON_NAME = AppIcon;
				CODE_SIGN_STYLE = Automatic;
				DEVELOPMENT_TEAM = NYJEFU8C25;
				INFOPLIST_FILE = PopuLaw/Info.plist;
				LD_RUNPATH_SEARCH_PATHS = (
					"$(inherited)",
					"@executable_path/Frameworks",
				);
				PRODUCT_BUNDLE_IDENTIFIER = com.darkwind.PopuLaw;
				PRODUCT_NAME = "$(TARGET_NAME)";
				SWIFT_VERSION = 4.2;
				TARGETED_DEVICE_FAMILY = "1,2";
			};
			name = Release;
		};
/* End XCBuildConfiguration section */

/* Begin XCConfigurationList section */
		CEEEE93521BBBFF00063EA48 /* Build configuration list for PBXProject "PopuLaw" */ = {
			isa = XCConfigurationList;
			buildConfigurations = (
				CEEEE94A21BBBFF10063EA48 /* Debug */,
				CEEEE94B21BBBFF10063EA48 /* Release */,
			);
			defaultConfigurationIsVisible = 0;
			defaultConfigurationName = Release;
		};
		CEEEE94C21BBBFF10063EA48 /* Build configuration list for PBXNativeTarget "PopuLaw" */ = {
			isa = XCConfigurationList;
			buildConfigurations = (
				CEEEE94D21BBBFF10063EA48 /* Debug */,
				CEEEE94E21BBBFF10063EA48 /* Release */,
			);
			defaultConfigurationIsVisible = 0;
			defaultConfigurationName = Release;
		};
/* End XCConfigurationList section */
	};
	rootObject = CEEEE93221BBBFF00063EA48 /* Project object */;
}
